
Microsoft Visual Studio Solution File, Format Version 12.00
# Visual Studio 15
VisualStudioVersion = 15.0.28307.572
MinimumVisualStudioVersion = 10.0.40219.1
Project("{FAE04EC0-301F-11D3-BF4B-00C04F79EFBC}") = "lesson2App2", "WebApplication13\lesson2App2.csproj", "{26E90E79-8B32-4962-A459-283175D946FA}"
EndProject
Global
	GlobalSection(SolutionConfigurationPlatforms) = preSolution
		Debug|Any CPU = Debug|Any CPU
		Release|Any CPU = Release|Any CPU
	EndGlobalSection
	GlobalSection(ProjectConfigurationPlatforms) = postSolution
		{26E90E79-8B32-4962-A459-283175D946FA}.Debug|Any CPU.ActiveCfg = Debug|Any CPU
		{26E90E79-8B32-4962-A459-283175D946FA}.Debug|Any CPU.Build.0 = Debug|Any CPU
		{26E90E79-8B32-4962-A459-283175D946FA}.Release|Any CPU.ActiveCfg = Release|Any CPU
		{26E90E79-8B32-4962-A459-283175D946FA}.Release|Any CPU.Build.0 = Release|Any CPU
	EndGlobalSection
	GlobalSection(SolutionProperties) = preSolution
		HideSolutionNode = FALSE
	EndGlobalSection
	GlobalSection(ExtensibilityGlobals) = postSolution
		SolutionGuid = {8BC77577-81A7-437B-A998-E210BF7EA17D}
	EndGlobalSection
EndGlobal
