
Microsoft Visual Studio Solution File, Format Version 12.00
# Visual Studio Version 16
VisualStudioVersion = 16.0.30711.63
MinimumVisualStudioVersion = 10.0.40219.1
Project("{FAE04EC0-301F-11D3-BF4B-00C04F79EFBC}") = "Lesson08App1", "Lesson08App1\Lesson08App1.csproj", "{E42A0850-D380-468E-9B49-4965DE584789}"
EndProject
Global
	GlobalSection(SolutionConfigurationPlatforms) = preSolution
		Debug|Any CPU = Debug|Any CPU
		Release|Any CPU = Release|Any CPU
	EndGlobalSection
	GlobalSection(ProjectConfigurationPlatforms) = postSolution
		{E42A0850-D380-468E-9B49-4965DE584789}.Debug|Any CPU.ActiveCfg = Debug|Any CPU
		{E42A0850-D380-468E-9B49-4965DE584789}.Debug|Any CPU.Build.0 = Debug|Any CPU
		{E42A0850-D380-468E-9B49-4965DE584789}.Release|Any CPU.ActiveCfg = Release|Any CPU
		{E42A0850-D380-468E-9B49-4965DE584789}.Release|Any CPU.Build.0 = Release|Any CPU
	EndGlobalSection
	GlobalSection(SolutionProperties) = preSolution
		HideSolutionNode = FALSE
	EndGlobalSection
	GlobalSection(ExtensibilityGlobals) = postSolution
		SolutionGuid = {8639521A-5E2E-4F13-9FA8-B6A6DEBA79A3}
	EndGlobalSection
EndGlobal
