
Microsoft Visual Studio Solution File, Format Version 12.00
# Visual Studio Version 16
VisualStudioVersion = 16.0.30709.132
MinimumVisualStudioVersion = 10.0.40219.1
Project("{FAE04EC0-301F-11D3-BF4B-00C04F79EFBC}") = "Lesson6App1", "Lesson6App1\Lesson6App1.csproj", "{D121E118-E6AC-4C9E-8BF1-323F82A5EF51}"
EndProject
Global
	GlobalSection(SolutionConfigurationPlatforms) = preSolution
		Debug|Any CPU = Debug|Any CPU
		Release|Any CPU = Release|Any CPU
	EndGlobalSection
	GlobalSection(ProjectConfigurationPlatforms) = postSolution
		{D121E118-E6AC-4C9E-8BF1-323F82A5EF51}.Debug|Any CPU.ActiveCfg = Debug|Any CPU
		{D121E118-E6AC-4C9E-8BF1-323F82A5EF51}.Debug|Any CPU.Build.0 = Debug|Any CPU
		{D121E118-E6AC-4C9E-8BF1-323F82A5EF51}.Release|Any CPU.ActiveCfg = Release|Any CPU
		{D121E118-E6AC-4C9E-8BF1-323F82A5EF51}.Release|Any CPU.Build.0 = Release|Any CPU
	EndGlobalSection
	GlobalSection(SolutionProperties) = preSolution
		HideSolutionNode = FALSE
	EndGlobalSection
	GlobalSection(ExtensibilityGlobals) = postSolution
		SolutionGuid = {14ABB6FA-99BC-40DF-8992-ED378E23B1B1}
	EndGlobalSection
EndGlobal
