
Microsoft Visual Studio Solution File, Format Version 12.00
# Visual Studio 15
VisualStudioVersion = 15.0.28307.572
MinimumVisualStudioVersion = 10.0.40219.1
Project("{9A19103F-16F7-4668-BE54-9A1E7A4F7556}") = "Lesson2App3", "Lesson2App2\Lesson2App3.csproj", "{26F13F3C-4789-4A66-9108-FB753FC5A28A}"
EndProject
Global
	GlobalSection(SolutionConfigurationPlatforms) = preSolution
		Debug|Any CPU = Debug|Any CPU
		Release|Any CPU = Release|Any CPU
	EndGlobalSection
	GlobalSection(ProjectConfigurationPlatforms) = postSolution
		{26F13F3C-4789-4A66-9108-FB753FC5A28A}.Debug|Any CPU.ActiveCfg = Debug|Any CPU
		{26F13F3C-4789-4A66-9108-FB753FC5A28A}.Debug|Any CPU.Build.0 = Debug|Any CPU
		{26F13F3C-4789-4A66-9108-FB753FC5A28A}.Release|Any CPU.ActiveCfg = Release|Any CPU
		{26F13F3C-4789-4A66-9108-FB753FC5A28A}.Release|Any CPU.Build.0 = Release|Any CPU
	EndGlobalSection
	GlobalSection(SolutionProperties) = preSolution
		HideSolutionNode = FALSE
	EndGlobalSection
	GlobalSection(ExtensibilityGlobals) = postSolution
		SolutionGuid = {AC1C6864-DE2E-4D5C-B076-75D2D2E47379}
	EndGlobalSection
EndGlobal
